
Microsoft Visual Studio Solution File, Format Version 12.00
# Visual Studio Version 16
VisualStudioVersion = 16.0.29905.134
MinimumVisualStudioVersion = 10.0.40219.1
Project("{FAE04EC0-301F-11D3-BF4B-00C04F79EFBC}") = "projekat2", "projekat2\projekat2.csproj", "{88F0927D-E8FF-40AB-8483-8462144BC54B}"
EndProject
Global
	GlobalSection(SolutionConfigurationPlatforms) = preSolution
		Debug|Any CPU = Debug|Any CPU
		Release|Any CPU = Release|Any CPU
	EndGlobalSection
	GlobalSection(ProjectConfigurationPlatforms) = postSolution
		{88F0927D-E8FF-40AB-8483-8462144BC54B}.Debug|Any CPU.ActiveCfg = Debug|Any CPU
		{88F0927D-E8FF-40AB-8483-8462144BC54B}.Debug|Any CPU.Build.0 = Debug|Any CPU
		{88F0927D-E8FF-40AB-8483-8462144BC54B}.Release|Any CPU.ActiveCfg = Release|Any CPU
		{88F0927D-E8FF-40AB-8483-8462144BC54B}.Release|Any CPU.Build.0 = Release|Any CPU
	EndGlobalSection
	GlobalSection(SolutionProperties) = preSolution
		HideSolutionNode = FALSE
	EndGlobalSection
	GlobalSection(ExtensibilityGlobals) = postSolution
		SolutionGuid = {8D423D6F-92A3-4378-AFED-8B8EC69C5E70}
	EndGlobalSection
EndGlobal
